
Microsoft Visual Studio Solution File, Format Version 12.00
# Visual Studio Version 16
VisualStudioVersion = 16.0.28803.202
MinimumVisualStudioVersion = 10.0.40219.1
Project("{FAE04EC0-301F-11D3-BF4B-00C04F79EFBC}") = "GanForums.Web", "GanForums.Web\GanForums.Web.csproj", "{BC77B419-6212-4633-ACB8-1871E051FA50}"
EndProject
Global
	GlobalSection(SolutionConfigurationPlatforms) = preSolution
		Debug|Any CPU = Debug|Any CPU
		Release|Any CPU = Release|Any CPU
	EndGlobalSection
	GlobalSection(ProjectConfigurationPlatforms) = postSolution
		{BC77B419-6212-4633-ACB8-1871E051FA50}.Debug|Any CPU.ActiveCfg = Debug|Any CPU
		{BC77B419-6212-4633-ACB8-1871E051FA50}.Debug|Any CPU.Build.0 = Debug|Any CPU
		{BC77B419-6212-4633-ACB8-1871E051FA50}.Release|Any CPU.ActiveCfg = Release|Any CPU
		{BC77B419-6212-4633-ACB8-1871E051FA50}.Release|Any CPU.Build.0 = Release|Any CPU
	EndGlobalSection
	GlobalSection(SolutionProperties) = preSolution
		HideSolutionNode = FALSE
	EndGlobalSection
	GlobalSection(ExtensibilityGlobals) = postSolution
		SolutionGuid = {2F5CE23B-DD2F-41A9-AB40-133E2A23F70F}
	EndGlobalSection
EndGlobal
